// !$*UTF8*$!
{
	archiveVersion = 1;
	classes = {
	};
	objectVersion = 48;
	objects = {

/* Begin PBXBuildFile section */
		16C5506A1FEF18D900273692 /* AppDelegate.swift in Sources */ = {isa = PBXBuildFile; fileRef = 16C550691FEF18D900273692 /* AppDelegate.swift */; };
		16C5506C1FEF18D900273692 /* ViewController.swift in Sources */ = {isa = PBXBuildFile; fileRef = 16C5506B1FEF18D900273692 /* ViewController.swift */; };
		16C5506F1FEF18D900273692 /* Main.storyboard in Resources */ = {isa = PBXBuildFile; fileRef = 16C5506D1FEF18D900273692 /* Main.storyboard */; };
		16C550711FEF18D900273692 /* Assets.xcassets in Resources */ = {isa = PBXBuildFile; fileRef = 16C550701FEF18D900273692 /* Assets.xcassets */; };
		16C550741FEF18D900273692 /* LaunchScreen.storyboard in Resources */ = {isa = PBXBuildFile; fileRef = 16C550721FEF18D900273692 /* LaunchScreen.storyboard */; };
		16FAE4F21FF451BF00685642 /* Inceptionv3.mlmodel in Sources */ = {isa = PBXBuildFile; fileRef = 16FAE4F11FF451BF00685642 /* Inceptionv3.mlmodel */; };
/* End PBXBuildFile section */

/* Begin PBXFileReference section */
		16C550661FEF18D900273692 /* closed-guard.app */ = {isa = PBXFileReference; explicitFileType = wrapper.application; includeInIndex = 0; path = "closed-guard.app"; sourceTree = BUILT_PRODUCTS_DIR; };
		16C550691FEF18D900273692 /* AppDelegate.swift */ = {isa = PBXFileReference; lastKnownFileType = sourcecode.swift; path = AppDelegate.swift; sourceTree = "<group>"; };
		16C5506B1FEF18D900273692 /* ViewController.swift */ = {isa = PBXFileReference; lastKnownFileType = sourcecode.swift; path = ViewController.swift; sourceTree = "<group>"; };
		16C5506E1FEF18D900273692 /* Base */ = {isa = PBXFileReference; lastKnownFileType = file.storyboard; name = Base; path = Base.lproj/Main.storyboard; sourceTree = "<group>"; };
		16C550701FEF18D900273692 /* Assets.xcassets */ = {isa = PBXFileReference; lastKnownFileType = folder.assetcatalog; path = Assets.xcassets; sourceTree = "<group>"; };
		16C550731FEF18D900273692 /* Base */ = {isa = PBXFileReference; lastKnownFileType = file.storyboard; name = Base; path = Base.lproj/LaunchScreen.storyboard; sourceTree = "<group>"; };
		16C550751FEF18D900273692 /* Info.plist */ = {isa = PBXFileReference; lastKnownFileType = text.plist.xml; path = Info.plist; sourceTree = "<group>"; };
		16FAE4F11FF451BF00685642 /* Inceptionv3.mlmodel */ = {isa = PBXFileReference; lastKnownFileType = file.mlmodel; path = Inceptionv3.mlmodel; sourceTree = "<group>"; };
/* End PBXFileReference section */

/* Begin PBXFrameworksBuildPhase section */
		16C550631FEF18D900273692 /* Frameworks */ = {
			isa = PBXFrameworksBuildPhase;
			buildActionMask = 2147483647;
			files = (
			);
			runOnlyForDeploymentPostprocessing = 0;
		};
/* End PBXFrameworksBuildPhase section */

/* Begin PBXGroup section */
		16C5505D1FEF18D900273692 = {
			isa = PBXGroup;
			children = (
				16C550681FEF18D900273692 /* closed-guard */,
				16C550671FEF18D900273692 /* Products */,
			);
			sourceTree = "<group>";
		};
		16C550671FEF18D900273692 /* Products */ = {
			isa = PBXGroup;
			children = (
				16C550661FEF18D900273692 /* closed-guard.app */,
			);
			name = Products;
			sourceTree = "<group>";
		};
		16C550681FEF18D900273692 /* closed-guard */ = {
			isa = PBXGroup;
			children = (
				16FAE4F11FF451BF00685642 /* Inceptionv3.mlmodel */,
				16C5507B1FF2E09E00273692 /* Model */,
				16C5507D1FF2E0A800273692 /* Controller */,
				16C5507C1FF2E0A400273692 /* View */,
				16C550691FEF18D900273692 /* AppDelegate.swift */,
				16C550701FEF18D900273692 /* Assets.xcassets */,
				16C550721FEF18D900273692 /* LaunchScreen.storyboard */,
				16C550751FEF18D900273692 /* Info.plist */,
			);
			path = "closed-guard";
			sourceTree = "<group>";
		};
		16C5507B1FF2E09E00273692 /* Model */ = {
			isa = PBXGroup;
			children = (
			);
			path = Model;
			sourceTree = "<group>";
		};
		16C5507C1FF2E0A400273692 /* View */ = {
			isa = PBXGroup;
			children = (
				16C5506D1FEF18D900273692 /* Main.storyboard */,
			);
			path = View;
			sourceTree = "<group>";
		};
		16C5507D1FF2E0A800273692 /* Controller */ = {
			isa = PBXGroup;
			children = (
				16C5506B1FEF18D900273692 /* ViewController.swift */,
			);
			path = Controller;
			sourceTree = "<group>";
		};
/* End PBXGroup section */

/* Begin PBXNativeTarget section */
		16C550651FEF18D900273692 /* closed-guard */ = {
			isa = PBXNativeTarget;
			buildConfigurationList = 16C550781FEF18D900273692 /* Build configuration list for PBXNativeTarget "closed-guard" */;
			buildPhases = (
				16C550621FEF18D900273692 /* Sources */,
				16C550631FEF18D900273692 /* Frameworks */,
				16C550641FEF18D900273692 /* Resources */,
			);
			buildRules = (
			);
			dependencies = (
			);
			name = "closed-guard";
			productName = "closed-guard";
			productReference = 16C550661FEF18D900273692 /* closed-guard.app */;
			productType = "com.apple.product-type.application";
		};
/* End PBXNativeTarget section */

/* Begin PBXProject section */
		16C5505E1FEF18D900273692 /* Project object */ = {
			isa = PBXProject;
			attributes = {
				LastSwiftUpdateCheck = 0900;
				LastUpgradeCheck = 0900;
				ORGANIZATIONNAME = "Dave's Organization";
				TargetAttributes = {
					16C550651FEF18D900273692 = {
						CreatedOnToolsVersion = 9.0.1;
						ProvisioningStyle = Automatic;
					};
				};
			};
			buildConfigurationList = 16C550611FEF18D900273692 /* Build configuration list for PBXProject "closed-guard" */;
			compatibilityVersion = "Xcode 8.0";
			developmentRegion = en;
			hasScannedForEncodings = 0;
			knownRegions = (
				en,
				Base,
			);
			mainGroup = 16C5505D1FEF18D900273692;
			productRefGroup = 16C550671FEF18D900273692 /* Products */;
			projectDirPath = "";
			projectRoot = "";
			targets = (
				16C550651FEF18D900273692 /* closed-guard */,
			);
		};
/* End PBXProject section */

/* Begin PBXResourcesBuildPhase section */
		16C550641FEF18D900273692 /* Resources */ = {
			isa = PBXResourcesBuildPhase;
			buildActionMask = 2147483647;
			files = (
				16C550741FEF18D900273692 /* LaunchScreen.storyboard in Resources */,
				16C550711FEF18D900273692 /* Assets.xcassets in Resources */,
				16C5506F1FEF18D900273692 /* Main.storyboard in Resources */,
			);
			runOnlyForDeploymentPostprocessing = 0;
		};
/* End PBXResourcesBuildPhase section */

/* Begin PBXSourcesBuildPhase section */
		16C550621FEF18D900273692 /* Sources */ = {
			isa = PBXSourcesBuildPhase;
			buildActionMask = 2147483647;
			files = (
				16C5506C1FEF18D900273692 /* ViewController.swift in Sources */,
				16FAE4F21FF451BF00685642 /* Inceptionv3.mlmodel in Sources */,
				16C5506A1FEF18D900273692 /* AppDelegate.swift in Sources */,
			);
			runOnlyForDeploymentPostprocessing = 0;
		};
/* End PBXSourcesBuildPhase section */

/* Begin PBXVariantGroup section */
		16C5506D1FEF18D900273692 /* Main.storyboard */ = {
			isa = PBXVariantGroup;
			children = (
				16C5506E1FEF18D900273692 /* Base */,
			);
			name = Main.storyboard;
			sourceTree = "<group>";
		};
		16C550721FEF18D900273692 /* LaunchScreen.storyboard */ = {
			isa = PBXVariantGroup;
			children = (
				16C550731FEF18D900273692 /* Base */,
			);
			name = LaunchScreen.storyboard;
			sourceTree = "<group>";
		};
/* End PBXVariantGroup section */

/* Begin XCBuildConfiguration section */
		16C550761FEF18D900273692 /* Debug */ = {
			isa = XCBuildConfiguration;
			buildSettings = {
				ALWAYS_SEARCH_USER_PATHS = NO;
				CLANG_ANALYZER_NONNULL = YES;
				CLANG_ANALYZER_NUMBER_OBJECT_CONVERSION = YES_AGGRESSIVE;
				CLANG_CXX_LANGUAGE_STANDARD = "gnu++14";
				CLANG_CXX_LIBRARY = "libc++";
				CLANG_ENABLE_MODULES = YES;
				CLANG_ENABLE_OBJC_ARC = YES;
				CLANG_WARN_BLOCK_CAPTURE_AUTORELEASING = YES;
				CLANG_WARN_BOOL_CONVERSION = YES;
				CLANG_WARN_COMMA = YES;
				CLANG_WARN_CONSTANT_CONVERSION = YES;
				CLANG_WARN_DIRECT_OBJC_ISA_USAGE = YES_ERROR;
				CLANG_WARN_DOCUMENTATION_COMMENTS = YES;
				CLANG_WARN_EMPTY_BODY = YES;
				CLANG_WARN_ENUM_CONVERSION = YES;
				CLANG_WARN_INFINITE_RECURSION = YES;
				CLANG_WARN_INT_CONVERSION = YES;
				CLANG_WARN_NON_LITERAL_NULL_CONVERSION = YES;
				CLANG_WARN_OBJC_LITERAL_CONVERSION = YES;
				CLANG_WARN_OBJC_ROOT_CLASS = YES_ERROR;
				CLANG_WARN_RANGE_LOOP_ANALYSIS = YES;
				CLANG_WARN_STRICT_PROTOTYPES = YES;
				CLANG_WARN_SUSPICIOUS_MOVE = YES;
				CLANG_WARN_UNGUARDED_AVAILABILITY = YES_AGGRESSIVE;
				CLANG_WARN_UNREACHABLE_CODE = YES;
				CLANG_WARN__DUPLICATE_METHOD_MATCH = YES;
				CODE_SIGN_IDENTITY = "iPhone Developer";
				COPY_PHASE_STRIP = NO;
				DEBUG_INFORMATION_FORMAT = dwarf;
				ENABLE_STRICT_OBJC_MSGSEND = YES;
				ENABLE_TESTABILITY = YES;
				GCC_C_LANGUAGE_STANDARD = gnu11;
				GCC_DYNAMIC_NO_PIC = NO;
				GCC_NO_COMMON_BLOCKS = YES;
				GCC_OPTIMIZATION_LEVEL = 0;
				GCC_PREPROCESSOR_DEFINITIONS = (
					"DEBUG=1",
					"$(inherited)",
				);
				GCC_WARN_64_TO_32_BIT_CONVERSION = YES;
				GCC_WARN_ABOUT_RETURN_TYPE = YES_ERROR;
				GCC_WARN_UNDECLARED_SELECTOR = YES;
				GCC_WARN_UNINITIALIZED_AUTOS = YES_AGGRESSIVE;
				GCC_WARN_UNUSED_FUNCTION = YES;
				GCC_WARN_UNUSED_VARIABLE = YES;
				IPHONEOS_DEPLOYMENT_TARGET = 11.0;
				MTL_ENABLE_DEBUG_INFO = YES;
				ONLY_ACTIVE_ARCH = YES;
				SDKROOT = iphoneos;
				SWIFT_ACTIVE_COMPILATION_CONDITIONS = DEBUG;
				SWIFT_OPTIMIZATION_LEVEL = "-Onone";
			};
			name = Debug;
		};
		16C550771FEF18D900273692 /* Release */ = {
			isa = XCBuildConfiguration;
			buildSettings = {
				ALWAYS_SEARCH_USER_PATHS = NO;
				CLANG_ANALYZER_NONNULL = YES;
				CLANG_ANALYZER_NUMBER_OBJECT_CONVERSION = YES_AGGRESSIVE;
				CLANG_CXX_LANGUAGE_STANDARD = "gnu++14";
				CLANG_CXX_LIBRARY = "libc++";
				CLANG_ENABLE_MODULES = YES;
				CLANG_ENABLE_OBJC_ARC = YES;
				CLANG_WARN_BLOCK_CAPTURE_AUTORELEASING = YES;
				CLANG_WARN_BOOL_CONVERSION = YES;
				CLANG_WARN_COMMA = YES;
				CLANG_WARN_CONSTANT_CONVERSION = YES;
				CLANG_WARN_DIRECT_OBJC_ISA_USAGE = YES_ERROR;
				CLANG_WARN_DOCUMENTATION_COMMENTS = YES;
				CLANG_WARN_EMPTY_BODY = YES;
				CLANG_WARN_ENUM_CONVERSION = YES;
				CLANG_WARN_INFINITE_RECURSION = YES;
				CLANG_WARN_INT_CONVERSION = YES;
				CLANG_WARN_NON_LITERAL_NULL_CONVERSION = YES;
				CLANG_WARN_OBJC_LITERAL_CONVERSION = YES;
				CLANG_WARN_OBJC_ROOT_CLASS = YES_ERROR;
				CLANG_WARN_RANGE_LOOP_ANALYSIS = YES;
				CLANG_WARN_STRICT_PROTOTYPES = YES;
				CLANG_WARN_SUSPICIOUS_MOVE = YES;
				CLANG_WARN_UNGUARDED_AVAILABILITY = YES_AGGRESSIVE;
				CLANG_WARN_UNREACHABLE_CODE = YES;
				CLANG_WARN__DUPLICATE_METHOD_MATCH = YES;
				CODE_SIGN_IDENTITY = "iPhone Developer";
				COPY_PHASE_STRIP = NO;
				DEBUG_INFORMATION_FORMAT = "dwarf-with-dsym";
				ENABLE_NS_ASSERTIONS = NO;
				ENABLE_STRICT_OBJC_MSGSEND = YES;
				GCC_C_LANGUAGE_STANDARD = gnu11;
				GCC_NO_COMMON_BLOCKS = YES;
				GCC_WARN_64_TO_32_BIT_CONVERSION = YES;
				GCC_WARN_ABOUT_RETURN_TYPE = YES_ERROR;
				GCC_WARN_UNDECLARED_SELECTOR = YES;
				GCC_WARN_UNINITIALIZED_AUTOS = YES_AGGRESSIVE;
				GCC_WARN_UNUSED_FUNCTION = YES;
				GCC_WARN_UNUSED_VARIABLE = YES;
				IPHONEOS_DEPLOYMENT_TARGET = 11.0;
				MTL_ENABLE_DEBUG_INFO = NO;
				SDKROOT = iphoneos;
				SWIFT_OPTIMIZATION_LEVEL = "-Owholemodule";
				VALIDATE_PRODUCT = YES;
			};
			name = Release;
		};
		16C550791FEF18D900273692 /* Debug */ = {
			isa = XCBuildConfiguration;
			buildSettings = {
				ASSETCATALOG_COMPILER_APPICON_NAME = AppIcon;
				CODE_SIGN_STYLE = Automatic;
				DEVELOPMENT_TEAM = 6F6J9E4SZ2;
				INFOPLIST_FILE = "closed-guard/Info.plist";
				IPHONEOS_DEPLOYMENT_TARGET = 13.0;
				LD_RUNPATH_SEARCH_PATHS = "$(inherited) @executable_path/Frameworks";
				PRODUCT_BUNDLE_IDENTIFIER = "gumbad.closed-guard";
				PRODUCT_NAME = "$(TARGET_NAME)";
				SWIFT_VERSION = 4.0;
				TARGETED_DEVICE_FAMILY = "1,2";
			};
			name = Debug;
		};
		16C5507A1FEF18D900273692 /* Release */ = {
			isa = XCBuildConfiguration;
			buildSettings = {
				ASSETCATALOG_COMPILER_APPICON_NAME = AppIcon;
				CODE_SIGN_STYLE = Automatic;
				DEVELOPMENT_TEAM = 6F6J9E4SZ2;
				INFOPLIST_FILE = "closed-guard/Info.plist";
				IPHONEOS_DEPLOYMENT_TARGET = 13.0;
				LD_RUNPATH_SEARCH_PATHS = "$(inherited) @executable_path/Frameworks";
				PRODUCT_BUNDLE_IDENTIFIER = "gumbad.closed-guard";
				PRODUCT_NAME = "$(TARGET_NAME)";
				SWIFT_VERSION = 4.0;
				TARGETED_DEVICE_FAMILY = "1,2";
			};
			name = Release;
		};
/* End XCBuildConfiguration section */

/* Begin XCConfigurationList section */
		16C550611FEF18D900273692 /* Build configuration list for PBXProject "closed-guard" */ = {
			isa = XCConfigurationList;
			buildConfigurations = (
				16C550761FEF18D900273692 /* Debug */,
				16C550771FEF18D900273692 /* Release */,
			);
			defaultConfigurationIsVisible = 0;
			defaultConfigurationName = Release;
		};
		16C550781FEF18D900273692 /* Build configuration list for PBXNativeTarget "closed-guard" */ = {
			isa = XCConfigurationList;
			buildConfigurations = (
				16C550791FEF18D900273692 /* Debug */,
				16C5507A1FEF18D900273692 /* Release */,
			);
			defaultConfigurationIsVisible = 0;
			defaultConfigurationName = Release;
		};
/* End XCConfigurationList section */
	};
	rootObject = 16C5505E1FEF18D900273692 /* Project object */;
}
